
Microsoft Visual Studio Solution File, Format Version 12.00
# Visual Studio Version 17
VisualStudioVersion = 17.6.33723.286
MinimumVisualStudioVersion = 10.0.40219.1
Project("{FAE04EC0-301F-11D3-BF4B-00C04F79EFBC}") = "MVC-Book", "MVC-Book\MVC-Book.csproj", "{A66C09D3-20B5-45CA-B9AF-47504725A997}"
EndProject
Global
	GlobalSection(SolutionConfigurationPlatforms) = preSolution
		Debug|Any CPU = Debug|Any CPU
		Release|Any CPU = Release|Any CPU
	EndGlobalSection
	GlobalSection(ProjectConfigurationPlatforms) = postSolution
		{A66C09D3-20B5-45CA-B9AF-47504725A997}.Debug|Any CPU.ActiveCfg = Debug|Any CPU
		{A66C09D3-20B5-45CA-B9AF-47504725A997}.Debug|Any CPU.Build.0 = Debug|Any CPU
		{A66C09D3-20B5-45CA-B9AF-47504725A997}.Release|Any CPU.ActiveCfg = Release|Any CPU
		{A66C09D3-20B5-45CA-B9AF-47504725A997}.Release|Any CPU.Build.0 = Release|Any CPU
	EndGlobalSection
	GlobalSection(SolutionProperties) = preSolution
		HideSolutionNode = FALSE
	EndGlobalSection
	GlobalSection(ExtensibilityGlobals) = postSolution
		SolutionGuid = {9E695AAA-4300-4C1F-B25C-CB14325AA795}
	EndGlobalSection
EndGlobal
